
Microsoft Visual Studio Solution File, Format Version 12.00
# Visual Studio Version 16
VisualStudioVersion = 16.0.32126.315
MinimumVisualStudioVersion = 10.0.40219.1
Project("{FAE04EC0-301F-11D3-BF4B-00C04F79EFBC}") = "DumyReportes", "DumyReportes\DumyReportes.csproj", "{01BF2DED-C20E-43E7-9C20-168C26621430}"
EndProject
Project("{2150E333-8FDC-42A3-9474-1A3956D46DE8}") = "Solution Items", "Solution Items", "{C1B25E70-49A2-4AB0-ADD5-A127132D3063}"
	ProjectSection(SolutionItems) = preProject
		.editorconfig = .editorconfig
	EndProjectSection
EndProject
Global
	GlobalSection(SolutionConfigurationPlatforms) = preSolution
		Debug|Any CPU = Debug|Any CPU
		Release|Any CPU = Release|Any CPU
	EndGlobalSection
	GlobalSection(ProjectConfigurationPlatforms) = postSolution
		{01BF2DED-C20E-43E7-9C20-168C26621430}.Debug|Any CPU.ActiveCfg = Debug|Any CPU
		{01BF2DED-C20E-43E7-9C20-168C26621430}.Debug|Any CPU.Build.0 = Debug|Any CPU
		{01BF2DED-C20E-43E7-9C20-168C26621430}.Release|Any CPU.ActiveCfg = Release|Any CPU
		{01BF2DED-C20E-43E7-9C20-168C26621430}.Release|Any CPU.Build.0 = Release|Any CPU
	EndGlobalSection
	GlobalSection(SolutionProperties) = preSolution
		HideSolutionNode = FALSE
	EndGlobalSection
	GlobalSection(ExtensibilityGlobals) = postSolution
		SolutionGuid = {B26C3D69-FAD5-47EA-A5BF-86F1792C2BE8}
	EndGlobalSection
EndGlobal
